# THIS IS AN AUTOGENERATED FILE. DO NOT EDIT THIS FILE DIRECTLY.
# yarn lockfile v1


regexparam@2.0.0:
  version "2.0.0"
  resolved "https://registry.yarnpkg.com/regexparam/-/regexparam-2.0.0.tgz#059476767d5f5f87f735fc7922d133fd1a118c8c"
  integrity sha512-gJKwd2MVPWHAIFLsaYDZfyKzHNS4o7E/v8YmNf44vmeV2e4YfVoDToTOKTvE7ab68cRJ++kLuEXJBaEeJVt5ow==

svelte-spa-router@^3.2.0:
  version "3.2.0"
  resolved "https://registry.yarnpkg.com/svelte-spa-router/-/svelte-spa-router-3.2.0.tgz#fae3311d292451236cb57131262406cf312b15ee"
  integrity sha512-igemo5Vs82TGBBw+DjWt6qKameXYzNs6aDXcTxou5XbEvOjiRcAM6MLkdVRCatn6u8r42dE99bt/br7T4qe/AQ==
  dependencies:
    regexparam "2.0.0"
